
Microsoft Visual Studio Solution File, Format Version 12.00
# Visual Studio 15
VisualStudioVersion = 15.0.27505.0
MinimumVisualStudioVersion = 10.0.40219.1
Project("{FAE04EC0-301F-11D3-BF4B-00C04F79EFBC}") = "ConfigStoreDemo", "ConfigStoreDemo\ConfigStoreDemo.csproj", "{10C5B7C6-2B97-49AC-954F-F8BC45FE8BDD}"
EndProject
Global
	GlobalSection(SolutionConfigurationPlatforms) = preSolution
		Debug|Any CPU = Debug|Any CPU
		Release|Any CPU = Release|Any CPU
	EndGlobalSection
	GlobalSection(ProjectConfigurationPlatforms) = postSolution
		{10C5B7C6-2B97-49AC-954F-F8BC45FE8BDD}.Debug|Any CPU.ActiveCfg = Debug|Any CPU
		{10C5B7C6-2B97-49AC-954F-F8BC45FE8BDD}.Debug|Any CPU.Build.0 = Debug|Any CPU
		{10C5B7C6-2B97-49AC-954F-F8BC45FE8BDD}.Release|Any CPU.ActiveCfg = Release|Any CPU
		{10C5B7C6-2B97-49AC-954F-F8BC45FE8BDD}.Release|Any CPU.Build.0 = Release|Any CPU
	EndGlobalSection
	GlobalSection(SolutionProperties) = preSolution
		HideSolutionNode = FALSE
	EndGlobalSection
	GlobalSection(ExtensibilityGlobals) = postSolution
		SolutionGuid = {F7F4C5F9-1942-45C1-A358-AD496B840F21}
	EndGlobalSection
EndGlobal
